
Microsoft Visual Studio Solution File, Format Version 12.00
# Visual Studio 15
VisualStudioVersion = 15.0.27703.2026
MinimumVisualStudioVersion = 10.0.40219.1
Project("{FAE04EC0-301F-11D3-BF4B-00C04F79EFBC}") = "OOP_Interface", "OOP_Interface\OOP_Interface.csproj", "{BA0BE232-FDA6-475E-AE24-22BA4CF974D4}"
EndProject
Global
	GlobalSection(SolutionConfigurationPlatforms) = preSolution
		Debug|Any CPU = Debug|Any CPU
		Release|Any CPU = Release|Any CPU
	EndGlobalSection
	GlobalSection(ProjectConfigurationPlatforms) = postSolution
		{BA0BE232-FDA6-475E-AE24-22BA4CF974D4}.Debug|Any CPU.ActiveCfg = Debug|Any CPU
		{BA0BE232-FDA6-475E-AE24-22BA4CF974D4}.Debug|Any CPU.Build.0 = Debug|Any CPU
		{BA0BE232-FDA6-475E-AE24-22BA4CF974D4}.Release|Any CPU.ActiveCfg = Release|Any CPU
		{BA0BE232-FDA6-475E-AE24-22BA4CF974D4}.Release|Any CPU.Build.0 = Release|Any CPU
	EndGlobalSection
	GlobalSection(SolutionProperties) = preSolution
		HideSolutionNode = FALSE
	EndGlobalSection
	GlobalSection(ExtensibilityGlobals) = postSolution
		SolutionGuid = {64D66347-F895-448F-853C-C571116D61DB}
	EndGlobalSection
EndGlobal
